// !$*UTF8*$!
{
	archiveVersion = 1;
	classes = {
	};
	objectVersion = 46;
	objects = {

/* Begin PBXBuildFile section */
		DCEBC4E019A3C74C00F582C1 /* Foundation.framework in Frameworks */ = {isa = PBXBuildFile; fileRef = DCEBC4DF19A3C74C00F582C1 /* Foundation.framework */; };
		DCEBC4E219A3C74C00F582C1 /* CoreGraphics.framework in Frameworks */ = {isa = PBXBuildFile; fileRef = DCEBC4E119A3C74C00F582C1 /* CoreGraphics.framework */; };
		DCEBC4E419A3C74C00F582C1 /* UIKit.framework in Frameworks */ = {isa = PBXBuildFile; fileRef = DCEBC4E319A3C74C00F582C1 /* UIKit.framework */; };
		DCEBC4EA19A3C74C00F582C1 /* InfoPlist.strings in Resources */ = {isa = PBXBuildFile; fileRef = DCEBC4E819A3C74C00F582C1 /* InfoPlist.strings */; };
		DCEBC4EC19A3C74C00F582C1 /* main.m in Sources */ = {isa = PBXBuildFile; fileRef = DCEBC4EB19A3C74C00F582C1 /* main.m */; };
		DCEBC4F019A3C74C00F582C1 /* AppDelegate.m in Sources */ = {isa = PBXBuildFile; fileRef = DCEBC4EF19A3C74C00F582C1 /* AppDelegate.m */; };
		DCEBC4F219A3C74C00F582C1 /* Images.xcassets in Resources */ = {isa = PBXBuildFile; fileRef = DCEBC4F119A3C74C00F582C1 /* Images.xcassets */; };
		DCEBC4F919A3C74C00F582C1 /* XCTest.framework in Frameworks */ = {isa = PBXBuildFile; fileRef = DCEBC4F819A3C74C00F582C1 /* XCTest.framework */; };
		DCEBC4FA19A3C74C00F582C1 /* Foundation.framework in Frameworks */ = {isa = PBXBuildFile; fileRef = DCEBC4DF19A3C74C00F582C1 /* Foundation.framework */; };
		DCEBC4FB19A3C74C00F582C1 /* UIKit.framework in Frameworks */ = {isa = PBXBuildFile; fileRef = DCEBC4E319A3C74C00F582C1 /* UIKit.framework */; };
		DCEBC50319A3C74C00F582C1 /* InfoPlist.strings in Resources */ = {isa = PBXBuildFile; fileRef = DCEBC50119A3C74C00F582C1 /* InfoPlist.strings */; };
		DCEBC50519A3C74C00F582C1 /* ToDoListTests.m in Sources */ = {isa = PBXBuildFile; fileRef = DCEBC50419A3C74C00F582C1 /* ToDoListTests.m */; };
/* End PBXBuildFile section */

/* Begin PBXContainerItemProxy section */
		DCEBC4FC19A3C74C00F582C1 /* PBXContainerItemProxy */ = {
			isa = PBXContainerItemProxy;
			containerPortal = DCEBC4D419A3C74C00F582C1 /* Project object */;
			proxyType = 1;
			remoteGlobalIDString = DCEBC4DB19A3C74C00F582C1;
			remoteInfo = ToDoList;
		};
/* End PBXContainerItemProxy section */

/* Begin PBXFileReference section */
		DCEBC4DC19A3C74C00F582C1 /* ToDoList.app */ = {isa = PBXFileReference; explicitFileType = wrapper.application; includeInIndex = 0; path = ToDoList.app; sourceTree = BUILT_PRODUCTS_DIR; };
		DCEBC4DF19A3C74C00F582C1 /* Foundation.framework */ = {isa = PBXFileReference; lastKnownFileType = wrapper.framework; name = Foundation.framework; path = System/Library/Frameworks/Foundation.framework; sourceTree = SDKROOT; };
		DCEBC4E119A3C74C00F582C1 /* CoreGraphics.framework */ = {isa = PBXFileReference; lastKnownFileType = wrapper.framework; name = CoreGraphics.framework; path = System/Library/Frameworks/CoreGraphics.framework; sourceTree = SDKROOT; };
		DCEBC4E319A3C74C00F582C1 /* UIKit.framework */ = {isa = PBXFileReference; lastKnownFileType = wrapper.framework; name = UIKit.framework; path = System/Library/Frameworks/UIKit.framework; sourceTree = SDKROOT; };
		DCEBC4E719A3C74C00F582C1 /* ToDoList-Info.plist */ = {isa = PBXFileReference; lastKnownFileType = text.plist.xml; path = "ToDoList-Info.plist"; sourceTree = "<group>"; };
		DCEBC4E919A3C74C00F582C1 /* en */ = {isa = PBXFileReference; lastKnownFileType = text.plist.strings; name = en; path = en.lproj/InfoPlist.strings; sourceTree = "<group>"; };
		DCEBC4EB19A3C74C00F582C1 /* main.m */ = {isa = PBXFileReference; lastKnownFileType = sourcecode.c.objc; path = main.m; sourceTree = "<group>"; };
		DCEBC4ED19A3C74C00F582C1 /* ToDoList-Prefix.pch */ = {isa = PBXFileReference; lastKnownFileType = sourcecode.c.h; path = "ToDoList-Prefix.pch"; sourceTree = "<group>"; };
		DCEBC4EE19A3C74C00F582C1 /* AppDelegate.h */ = {isa = PBXFileReference; lastKnownFileType = sourcecode.c.h; path = AppDelegate.h; sourceTree = "<group>"; };
		DCEBC4EF19A3C74C00F582C1 /* AppDelegate.m */ = {isa = PBXFileReference; lastKnownFileType = sourcecode.c.objc; path = AppDelegate.m; sourceTree = "<group>"; };
		DCEBC4F119A3C74C00F582C1 /* Images.xcassets */ = {isa = PBXFileReference; lastKnownFileType = folder.assetcatalog; path = Images.xcassets; sourceTree = "<group>"; };
		DCEBC4F719A3C74C00F582C1 /* ToDoListTests.xctest */ = {isa = PBXFileReference; explicitFileType = wrapper.cfbundle; includeInIndex = 0; path = ToDoListTests.xctest; sourceTree = BUILT_PRODUCTS_DIR; };
		DCEBC4F819A3C74C00F582C1 /* XCTest.framework */ = {isa = PBXFileReference; lastKnownFileType = wrapper.framework; name = XCTest.framework; path = Library/Frameworks/XCTest.framework; sourceTree = DEVELOPER_DIR; };
		DCEBC50019A3C74C00F582C1 /* ToDoListTests-Info.plist */ = {isa = PBXFileReference; lastKnownFileType = text.plist.xml; path = "ToDoListTests-Info.plist"; sourceTree = "<group>"; };
		DCEBC50219A3C74C00F582C1 /* en */ = {isa = PBXFileReference; lastKnownFileType = text.plist.strings; name = en; path = en.lproj/InfoPlist.strings; sourceTree = "<group>"; };
		DCEBC50419A3C74C00F582C1 /* ToDoListTests.m */ = {isa = PBXFileReference; lastKnownFileType = sourcecode.c.objc; path = ToDoListTests.m; sourceTree = "<group>"; };
/* End PBXFileReference section */

/* Begin PBXFrameworksBuildPhase section */
		DCEBC4D919A3C74C00F582C1 /* Frameworks */ = {
			isa = PBXFrameworksBuildPhase;
			buildActionMask = 2147483647;
			files = (
				DCEBC4E219A3C74C00F582C1 /* CoreGraphics.framework in Frameworks */,
				DCEBC4E419A3C74C00F582C1 /* UIKit.framework in Frameworks */,
				DCEBC4E019A3C74C00F582C1 /* Foundation.framework in Frameworks */,
			);
			runOnlyForDeploymentPostprocessing = 0;
		};
		DCEBC4F419A3C74C00F582C1 /* Frameworks */ = {
			isa = PBXFrameworksBuildPhase;
			buildActionMask = 2147483647;
			files = (
				DCEBC4F919A3C74C00F582C1 /* XCTest.framework in Frameworks */,
				DCEBC4FB19A3C74C00F582C1 /* UIKit.framework in Frameworks */,
				DCEBC4FA19A3C74C00F582C1 /* Foundation.framework in Frameworks */,
			);
			runOnlyForDeploymentPostprocessing = 0;
		};
/* End PBXFrameworksBuildPhase section */

/* Begin PBXGroup section */
		DCEBC4D319A3C74C00F582C1 = {
			isa = PBXGroup;
			children = (
				DCEBC4E519A3C74C00F582C1 /* ToDoList */,
				DCEBC4FE19A3C74C00F582C1 /* ToDoListTests */,
				DCEBC4DE19A3C74C00F582C1 /* Frameworks */,
				DCEBC4DD19A3C74C00F582C1 /* Products */,
			);
			sourceTree = "<group>";
		};
		DCEBC4DD19A3C74C00F582C1 /* Products */ = {
			isa = PBXGroup;
			children = (
				DCEBC4DC19A3C74C00F582C1 /* ToDoList.app */,
				DCEBC4F719A3C74C00F582C1 /* ToDoListTests.xctest */,
			);
			name = Products;
			sourceTree = "<group>";
		};
		DCEBC4DE19A3C74C00F582C1 /* Frameworks */ = {
			isa = PBXGroup;
			children = (
				DCEBC4DF19A3C74C00F582C1 /* Foundation.framework */,
				DCEBC4E119A3C74C00F582C1 /* CoreGraphics.framework */,
				DCEBC4E319A3C74C00F582C1 /* UIKit.framework */,
				DCEBC4F819A3C74C00F582C1 /* XCTest.framework */,
			);
			name = Frameworks;
			sourceTree = "<group>";
		};
		DCEBC4E519A3C74C00F582C1 /* ToDoList */ = {
			isa = PBXGroup;
			children = (
				DCEBC4EE19A3C74C00F582C1 /* AppDelegate.h */,
				DCEBC4EF19A3C74C00F582C1 /* AppDelegate.m */,
				DCEBC4F119A3C74C00F582C1 /* Images.xcassets */,
				DCEBC4E619A3C74C00F582C1 /* Supporting Files */,
			);
			path = ToDoList;
			sourceTree = "<group>";
		};
		DCEBC4E619A3C74C00F582C1 /* Supporting Files */ = {
			isa = PBXGroup;
			children = (
				DCEBC4E719A3C74C00F582C1 /* ToDoList-Info.plist */,
				DCEBC4E819A3C74C00F582C1 /* InfoPlist.strings */,
				DCEBC4EB19A3C74C00F582C1 /* main.m */,
				DCEBC4ED19A3C74C00F582C1 /* ToDoList-Prefix.pch */,
			);
			name = "Supporting Files";
			sourceTree = "<group>";
		};
		DCEBC4FE19A3C74C00F582C1 /* ToDoListTests */ = {
			isa = PBXGroup;
			children = (
				DCEBC50419A3C74C00F582C1 /* ToDoListTests.m */,
				DCEBC4FF19A3C74C00F582C1 /* Supporting Files */,
			);
			path = ToDoListTests;
			sourceTree = "<group>";
		};
		DCEBC4FF19A3C74C00F582C1 /* Supporting Files */ = {
			isa = PBXGroup;
			children = (
				DCEBC50019A3C74C00F582C1 /* ToDoListTests-Info.plist */,
				DCEBC50119A3C74C00F582C1 /* InfoPlist.strings */,
			);
			name = "Supporting Files";
			sourceTree = "<group>";
		};
/* End PBXGroup section */

/* Begin PBXNativeTarget section */
		DCEBC4DB19A3C74C00F582C1 /* ToDoList */ = {
			isa = PBXNativeTarget;
			buildConfigurationList = DCEBC50819A3C74C00F582C1 /* Build configuration list for PBXNativeTarget "ToDoList" */;
			buildPhases = (
				DCEBC4D819A3C74C00F582C1 /* Sources */,
				DCEBC4D919A3C74C00F582C1 /* Frameworks */,
				DCEBC4DA19A3C74C00F582C1 /* Resources */,
			);
			buildRules = (
			);
			dependencies = (
			);
			name = ToDoList;
			productName = ToDoList;
			productReference = DCEBC4DC19A3C74C00F582C1 /* ToDoList.app */;
			productType = "com.apple.product-type.application";
		};
		DCEBC4F619A3C74C00F582C1 /* ToDoListTests */ = {
			isa = PBXNativeTarget;
			buildConfigurationList = DCEBC50B19A3C74C00F582C1 /* Build configuration list for PBXNativeTarget "ToDoListTests" */;
			buildPhases = (
				DCEBC4F319A3C74C00F582C1 /* Sources */,
				DCEBC4F419A3C74C00F582C1 /* Frameworks */,
				DCEBC4F519A3C74C00F582C1 /* Resources */,
			);
			buildRules = (
			);
			dependencies = (
				DCEBC4FD19A3C74C00F582C1 /* PBXTargetDependency */,
			);
			name = ToDoListTests;
			productName = ToDoListTests;
			productReference = DCEBC4F719A3C74C00F582C1 /* ToDoListTests.xctest */;
			productType = "com.apple.product-type.bundle.unit-test";
		};
/* End PBXNativeTarget section */

/* Begin PBXProject section */
		DCEBC4D419A3C74C00F582C1 /* Project object */ = {
			isa = PBXProject;
			attributes = {
				LastUpgradeCheck = 0510;
				ORGANIZATIONNAME = awlka;
				TargetAttributes = {
					DCEBC4F619A3C74C00F582C1 = {
						TestTargetID = DCEBC4DB19A3C74C00F582C1;
					};
				};
			};
			buildConfigurationList = DCEBC4D719A3C74C00F582C1 /* Build configuration list for PBXProject "ToDoList" */;
			compatibilityVersion = "Xcode 3.2";
			developmentRegion = English;
			hasScannedForEncodings = 0;
			knownRegions = (
				en,
			);
			mainGroup = DCEBC4D319A3C74C00F582C1;
			productRefGroup = DCEBC4DD19A3C74C00F582C1 /* Products */;
			projectDirPath = "";
			projectRoot = "";
			targets = (
				DCEBC4DB19A3C74C00F582C1 /* ToDoList */,
				DCEBC4F619A3C74C00F582C1 /* ToDoListTests */,
			);
		};
/* End PBXProject section */

/* Begin PBXResourcesBuildPhase section */
		DCEBC4DA19A3C74C00F582C1 /* Resources */ = {
			isa = PBXResourcesBuildPhase;
			buildActionMask = 2147483647;
			files = (
				DCEBC4EA19A3C74C00F582C1 /* InfoPlist.strings in Resources */,
				DCEBC4F219A3C74C00F582C1 /* Images.xcassets in Resources */,
			);
			runOnlyForDeploymentPostprocessing = 0;
		};
		DCEBC4F519A3C74C00F582C1 /* Resources */ = {
			isa = PBXResourcesBuildPhase;
			buildActionMask = 2147483647;
			files = (
				DCEBC50319A3C74C00F582C1 /* InfoPlist.strings in Resources */,
			);
			runOnlyForDeploymentPostprocessing = 0;
		};
/* End PBXResourcesBuildPhase section */

/* Begin PBXSourcesBuildPhase section */
		DCEBC4D819A3C74C00F582C1 /* Sources */ = {
			isa = PBXSourcesBuildPhase;
			buildActionMask = 2147483647;
			files = (
				DCEBC4F019A3C74C00F582C1 /* AppDelegate.m in Sources */,
				DCEBC4EC19A3C74C00F582C1 /* main.m in Sources */,
			);
			runOnlyForDeploymentPostprocessing = 0;
		};
		DCEBC4F319A3C74C00F582C1 /* Sources */ = {
			isa = PBXSourcesBuildPhase;
			buildActionMask = 2147483647;
			files = (
				DCEBC50519A3C74C00F582C1 /* ToDoListTests.m in Sources */,
			);
			runOnlyForDeploymentPostprocessing = 0;
		};
/* End PBXSourcesBuildPhase section */

/* Begin PBXTargetDependency section */
		DCEBC4FD19A3C74C00F582C1 /* PBXTargetDependency */ = {
			isa = PBXTargetDependency;
			target = DCEBC4DB19A3C74C00F582C1 /* ToDoList */;
			targetProxy = DCEBC4FC19A3C74C00F582C1 /* PBXContainerItemProxy */;
		};
/* End PBXTargetDependency section */

/* Begin PBXVariantGroup section */
		DCEBC4E819A3C74C00F582C1 /* InfoPlist.strings */ = {
			isa = PBXVariantGroup;
			children = (
				DCEBC4E919A3C74C00F582C1 /* en */,
			);
			name = InfoPlist.strings;
			sourceTree = "<group>";
		};
		DCEBC50119A3C74C00F582C1 /* InfoPlist.strings */ = {
			isa = PBXVariantGroup;
			children = (
				DCEBC50219A3C74C00F582C1 /* en */,
			);
			name = InfoPlist.strings;
			sourceTree = "<group>";
		};
/* End PBXVariantGroup section */

/* Begin XCBuildConfiguration section */
		DCEBC50619A3C74C00F582C1 /* Debug */ = {
			isa = XCBuildConfiguration;
			buildSettings = {
				ALWAYS_SEARCH_USER_PATHS = NO;
				CLANG_CXX_LANGUAGE_STANDARD = "gnu++0x";
				CLANG_CXX_LIBRARY = "libc++";
				CLANG_ENABLE_MODULES = YES;
				CLANG_ENABLE_OBJC_ARC = YES;
				CLANG_WARN_BOOL_CONVERSION = YES;
				CLANG_WARN_CONSTANT_CONVERSION = YES;
				CLANG_WARN_DIRECT_OBJC_ISA_USAGE = YES_ERROR;
				CLANG_WARN_EMPTY_BODY = YES;
				CLANG_WARN_ENUM_CONVERSION = YES;
				CLANG_WARN_INT_CONVERSION = YES;
				CLANG_WARN_OBJC_ROOT_CLASS = YES_ERROR;
				CLANG_WARN__DUPLICATE_METHOD_MATCH = YES;
				"CODE_SIGN_IDENTITY[sdk=iphoneos*]" = "iPhone Developer";
				COPY_PHASE_STRIP = NO;
				GCC_C_LANGUAGE_STANDARD = gnu99;
				GCC_DYNAMIC_NO_PIC = NO;
				GCC_OPTIMIZATION_LEVEL = 0;
				GCC_PREPROCESSOR_DEFINITIONS = (
					"DEBUG=1",
					"$(inherited)",
				);
				GCC_SYMBOLS_PRIVATE_EXTERN = NO;
				GCC_WARN_64_TO_32_BIT_CONVERSION = YES;
				GCC_WARN_ABOUT_RETURN_TYPE = YES_ERROR;
				GCC_WARN_UNDECLARED_SELECTOR = YES;
				GCC_WARN_UNINITIALIZED_AUTOS = YES_AGGRESSIVE;
				GCC_WARN_UNUSED_FUNCTION = YES;
				GCC_WARN_UNUSED_VARIABLE = YES;
				IPHONEOS_DEPLOYMENT_TARGET = 7.1;
				ONLY_ACTIVE_ARCH = YES;
				SDKROOT = iphoneos;
			};
			name = Debug;
		};
		DCEBC50719A3C74C00F582C1 /* Release */ = {
			isa = XCBuildConfiguration;
			buildSettings = {
				ALWAYS_SEARCH_USER_PATHS = NO;
				CLANG_CXX_LANGUAGE_STANDARD = "gnu++0x";
				CLANG_CXX_LIBRARY = "libc++";
				CLANG_ENABLE_MODULES = YES;
				CLANG_ENABLE_OBJC_ARC = YES;
				CLANG_WARN_BOOL_CONVERSION = YES;
				CLANG_WARN_CONSTANT_CONVERSION = YES;
				CLANG_WARN_DIRECT_OBJC_ISA_USAGE = YES_ERROR;
				CLANG_WARN_EMPTY_BODY = YES;
				CLANG_WARN_ENUM_CONVERSION = YES;
				CLANG_WARN_INT_CONVERSION = YES;
				CLANG_WARN_OBJC_ROOT_CLASS = YES_ERROR;
				CLANG_WARN__DUPLICATE_METHOD_MATCH = YES;
				"CODE_SIGN_IDENTITY[sdk=iphoneos*]" = "iPhone Developer";
				COPY_PHASE_STRIP = YES;
				ENABLE_NS_ASSERTIONS = NO;
				GCC_C_LANGUAGE_STANDARD = gnu99;
				GCC_WARN_64_TO_32_BIT_CONVERSION = YES;
				GCC_WARN_ABOUT_RETURN_TYPE = YES_ERROR;
				GCC_WARN_UNDECLARED_SELECTOR = YES;
				GCC_WARN_UNINITIALIZED_AUTOS = YES_AGGRESSIVE;
				GCC_WARN_UNUSED_FUNCTION = YES;
				GCC_WARN_UNUSED_VARIABLE = YES;
				IPHONEOS_DEPLOYMENT_TARGET = 7.1;
				SDKROOT = iphoneos;
				VALIDATE_PRODUCT = YES;
			};
			name = Release;
		};
		DCEBC50919A3C74C00F582C1 /* Debug */ = {
			isa = XCBuildConfiguration;
			buildSettings = {
				ASSETCATALOG_COMPILER_APPICON_NAME = AppIcon;
				ASSETCATALOG_COMPILER_LAUNCHIMAGE_NAME = LaunchImage;
				GCC_PRECOMPILE_PREFIX_HEADER = YES;
				GCC_PREFIX_HEADER = "ToDoList/ToDoList-Prefix.pch";
				INFOPLIST_FILE = "ToDoList/ToDoList-Info.plist";
				PRODUCT_NAME = "$(TARGET_NAME)";
				WRAPPER_EXTENSION = app;
			};
			name = Debug;
		};
		DCEBC50A19A3C74C00F582C1 /* Release */ = {
			isa = XCBuildConfiguration;
			buildSettings = {
				ASSETCATALOG_COMPILER_APPICON_NAME = AppIcon;
				ASSETCATALOG_COMPILER_LAUNCHIMAGE_NAME = LaunchImage;
				GCC_PRECOMPILE_PREFIX_HEADER = YES;
				GCC_PREFIX_HEADER = "ToDoList/ToDoList-Prefix.pch";
				INFOPLIST_FILE = "ToDoList/ToDoList-Info.plist";
				PRODUCT_NAME = "$(TARGET_NAME)";
				WRAPPER_EXTENSION = app;
			};
			name = Release;
		};
		DCEBC50C19A3C74C00F582C1 /* Debug */ = {
			isa = XCBuildConfiguration;
			buildSettings = {
				BUNDLE_LOADER = "$(BUILT_PRODUCTS_DIR)/ToDoList.app/ToDoList";
				FRAMEWORK_SEARCH_PATHS = (
					"$(SDKROOT)/Developer/Library/Frameworks",
					"$(inherited)",
					"$(DEVELOPER_FRAMEWORKS_DIR)",
				);
				GCC_PRECOMPILE_PREFIX_HEADER = YES;
				GCC_PREFIX_HEADER = "ToDoList/ToDoList-Prefix.pch";
				GCC_PREPROCESSOR_DEFINITIONS = (
					"DEBUG=1",
					"$(inherited)",
				);
				INFOPLIST_FILE = "ToDoListTests/ToDoListTests-Info.plist";
				PRODUCT_NAME = "$(TARGET_NAME)";
				TEST_HOST = "$(BUNDLE_LOADER)";
				WRAPPER_EXTENSION = xctest;
			};
			name = Debug;
		};
		DCEBC50D19A3C74C00F582C1 /* Release */ = {
			isa = XCBuildConfiguration;
			buildSettings = {
				BUNDLE_LOADER = "$(BUILT_PRODUCTS_DIR)/ToDoList.app/ToDoList";
				FRAMEWORK_SEARCH_PATHS = (
					"$(SDKROOT)/Developer/Library/Frameworks",
					"$(inherited)",
					"$(DEVELOPER_FRAMEWORKS_DIR)",
				);
				GCC_PRECOMPILE_PREFIX_HEADER = YES;
				GCC_PREFIX_HEADER = "ToDoList/ToDoList-Prefix.pch";
				INFOPLIST_FILE = "ToDoListTests/ToDoListTests-Info.plist";
				PRODUCT_NAME = "$(TARGET_NAME)";
				TEST_HOST = "$(BUNDLE_LOADER)";
				WRAPPER_EXTENSION = xctest;
			};
			name = Release;
		};
/* End XCBuildConfiguration section */

/* Begin XCConfigurationList section */
		DCEBC4D719A3C74C00F582C1 /* Build configuration list for PBXProject "ToDoList" */ = {
			isa = XCConfigurationList;
			buildConfigurations = (
				DCEBC50619A3C74C00F582C1 /* Debug */,
				DCEBC50719A3C74C00F582C1 /* Release */,
			);
			defaultConfigurationIsVisible = 0;
			defaultConfigurationName = Release;
		};
		DCEBC50819A3C74C00F582C1 /* Build configuration list for PBXNativeTarget "ToDoList" */ = {
			isa = XCConfigurationList;
			buildConfigurations = (
				DCEBC50919A3C74C00F582C1 /* Debug */,
				DCEBC50A19A3C74C00F582C1 /* Release */,
			);
			defaultConfigurationIsVisible = 0;
		};
		DCEBC50B19A3C74C00F582C1 /* Build configuration list for PBXNativeTarget "ToDoListTests" */ = {
			isa = XCConfigurationList;
			buildConfigurations = (
				DCEBC50C19A3C74C00F582C1 /* Debug */,
				DCEBC50D19A3C74C00F582C1 /* Release */,
			);
			defaultConfigurationIsVisible = 0;
		};
/* End XCConfigurationList section */
	};
	rootObject = DCEBC4D419A3C74C00F582C1 /* Project object */;
}
